
Microsoft Visual Studio Solution File, Format Version 12.00
# Visual Studio Version 17
VisualStudioVersion = 17.3.32922.545
MinimumVisualStudioVersion = 10.0.40219.1
Project("{FAE04EC0-301F-11D3-BF4B-00C04F79EFBC}") = "RestFull", "RestFull\RestFull.csproj", "{37807FCA-F303-4C23-9E6A-BB457865CD36}"
EndProject
Global
	GlobalSection(SolutionConfigurationPlatforms) = preSolution
		Debug|Any CPU = Debug|Any CPU
		Release|Any CPU = Release|Any CPU
	EndGlobalSection
	GlobalSection(ProjectConfigurationPlatforms) = postSolution
		{37807FCA-F303-4C23-9E6A-BB457865CD36}.Debug|Any CPU.ActiveCfg = Debug|Any CPU
		{37807FCA-F303-4C23-9E6A-BB457865CD36}.Debug|Any CPU.Build.0 = Debug|Any CPU
		{37807FCA-F303-4C23-9E6A-BB457865CD36}.Release|Any CPU.ActiveCfg = Release|Any CPU
		{37807FCA-F303-4C23-9E6A-BB457865CD36}.Release|Any CPU.Build.0 = Release|Any CPU
	EndGlobalSection
	GlobalSection(SolutionProperties) = preSolution
		HideSolutionNode = FALSE
	EndGlobalSection
	GlobalSection(ExtensibilityGlobals) = postSolution
		SolutionGuid = {D5830E07-7B8E-4CEC-A0C2-EC15849AF641}
	EndGlobalSection
EndGlobal
